
Microsoft Visual Studio Solution File, Format Version 12.00
# Visual Studio Version 17
VisualStudioVersion = 17.0.32014.148
MinimumVisualStudioVersion = 10.0.40219.1
Project("{FAE04EC0-301F-11D3-BF4B-00C04F79EFBC}") = "LineLengthComparison", "LineLengthComparison.csproj", "{46E484F9-5F36-45CA-BEB0-48597A936D5E}"
EndProject
Global
	GlobalSection(SolutionConfigurationPlatforms) = preSolution
		Debug|Any CPU = Debug|Any CPU
		Release|Any CPU = Release|Any CPU
	EndGlobalSection
	GlobalSection(ProjectConfigurationPlatforms) = postSolution
		{46E484F9-5F36-45CA-BEB0-48597A936D5E}.Debug|Any CPU.ActiveCfg = Debug|Any CPU
		{46E484F9-5F36-45CA-BEB0-48597A936D5E}.Debug|Any CPU.Build.0 = Debug|Any CPU
		{46E484F9-5F36-45CA-BEB0-48597A936D5E}.Release|Any CPU.ActiveCfg = Release|Any CPU
		{46E484F9-5F36-45CA-BEB0-48597A936D5E}.Release|Any CPU.Build.0 = Release|Any CPU
	EndGlobalSection
	GlobalSection(SolutionProperties) = preSolution
		HideSolutionNode = FALSE
	EndGlobalSection
	GlobalSection(ExtensibilityGlobals) = postSolution
		SolutionGuid = {1AC95283-CA4D-47EC-8924-909368F791B0}
	EndGlobalSection
EndGlobal
